
Microsoft Visual Studio Solution File, Format Version 12.00
# Visual Studio Version 16
VisualStudioVersion = 16.0.29306.81
MinimumVisualStudioVersion = 10.0.40219.1
Project("{FAE04EC0-301F-11D3-BF4B-00C04F79EFBC}") = "Inheritance", "Inheritance\Inheritance.csproj", "{0C364F1F-61C5-4CD3-A0CA-41F2ABABC182}"
EndProject
Global
	GlobalSection(SolutionConfigurationPlatforms) = preSolution
		Debug|Any CPU = Debug|Any CPU
		Release|Any CPU = Release|Any CPU
	EndGlobalSection
	GlobalSection(ProjectConfigurationPlatforms) = postSolution
		{0C364F1F-61C5-4CD3-A0CA-41F2ABABC182}.Debug|Any CPU.ActiveCfg = Debug|Any CPU
		{0C364F1F-61C5-4CD3-A0CA-41F2ABABC182}.Debug|Any CPU.Build.0 = Debug|Any CPU
		{0C364F1F-61C5-4CD3-A0CA-41F2ABABC182}.Release|Any CPU.ActiveCfg = Release|Any CPU
		{0C364F1F-61C5-4CD3-A0CA-41F2ABABC182}.Release|Any CPU.Build.0 = Release|Any CPU
	EndGlobalSection
	GlobalSection(SolutionProperties) = preSolution
		HideSolutionNode = FALSE
	EndGlobalSection
	GlobalSection(ExtensibilityGlobals) = postSolution
		SolutionGuid = {655701ED-BD3C-4C76-9CC2-1630BD01DE11}
	EndGlobalSection
EndGlobal
